<?xml version="1.0" encoding="utf-8"?>
<Project ToolsVersion="4.0" xmlns="http://schemas.microsoft.com/developer/msbuild/2003">
  <ItemGroup>
    <Filter Include="Math">
      <UniqueIdentifier>{4FC737F1-C7A5-4376-A066-2A32D752A2FF}</UniqueIdentifier>
      <Extensions>cpp;c;cc;cxx;def;odl;idl;hpj;bat;asm;asmx</Extensions>
    </Filter>
    <Filter Include="Misc">
      <UniqueIdentifier>{72056cb6-72a2-42b7-b05e-376f1ddd957e}</UniqueIdentifier>
    </Filter>
    <Filter Include="SRenderer">
      <UniqueIdentifier>{f8a64854-36fa-45d1-a6bf-bc725c6c0e27}</UniqueIdentifier>
    </Filter>
    <Filter Include="DXRenderer">
      <UniqueIdentifier>{ec6fbf0d-9007-4814-bef9-e67c97d057d5}</UniqueIdentifier>
    </Filter>
    <Filter Include="Shared">
      <UniqueIdentifier>{729f154f-95bd-4a27-9a45-9eff1a974464}</UniqueIdentifier>
    </Filter>
  </ItemGroup>
  <ItemGroup>
    <ClInclude Include="Vector3.h">
      <Filter>Math</Filter>
    </ClInclude>
    <ClInclude Include="Matrix.h">
      <Filter>Math</Filter>
    </ClInclude>
    <ClInclude Include="Vector4.h">
      <Filter>Math</Filter>
    </ClInclude>
    <ClInclude Include="Math.h">
      <Filter>Math</Filter>
    </ClInclude>
    <ClInclude Include="ColorRGB.h">
      <Filter>Math</Filter>
    </ClInclude>
    <ClInclude Include="MathHelpers.h">
      <Filter>Math</Filter>
    </ClInclude>
    <ClInclude Include="Timer.h">
      <Filter>Misc</Filter>
    </ClInclude>
    <ClInclude Include="Camera.h">
      <Filter>Misc</Filter>
    </ClInclude>
    <ClInclude Include="Utils.h">
      <Filter>Misc</Filter>
    </ClInclude>
    <ClInclude Include="DataTypes.h">
      <Filter>Misc</Filter>
    </ClInclude>
    <ClInclude Include="Vector2.h">
      <Filter>Math</Filter>
    </ClInclude>
    <ClInclude Include="Texture.h">
      <Filter>Misc</Filter>
    </ClInclude>
    <ClInclude Include="DXRenderer.h">
      <Filter>DXRenderer</Filter>
    </ClInclude>
    <ClInclude Include="SRenderer.h">
      <Filter>SRenderer</Filter>
    </ClInclude>
    <ClInclude Include="Renderer.h">
      <Filter>Shared</Filter>
    </ClInclude>
    <ClInclude Include="pch.h" />
  </ItemGroup>
  <ItemGroup>
    <ClCompile Include="main.cpp" />
    <ClCompile Include="Vector3.cpp">
      <Filter>Math</Filter>
    </ClCompile>
    <ClCompile Include="Matrix.cpp">
      <Filter>Math</Filter>
    </ClCompile>
    <ClCompile Include="Vector4.cpp">
      <Filter>Math</Filter>
    </ClCompile>
    <ClCompile Include="Timer.cpp">
      <Filter>Misc</Filter>
    </ClCompile>
    <ClCompile Include="Vector2.cpp">
      <Filter>Math</Filter>
    </ClCompile>
    <ClCompile Include="Texture.cpp">
      <Filter>Misc</Filter>
    </ClCompile>
    <ClCompile Include="Renderer.cpp">
      <Filter>Shared</Filter>
    </ClCompile>
    <ClCompile Include="SRenderer.cpp">
      <Filter>SRenderer</Filter>
    </ClCompile>
    <ClCompile Include="DXRenderer.cpp">
      <Filter>DXRenderer</Filter>
    </ClCompile>
  </ItemGroup>
</Project>